{
  "nodes": {
    "darwin": {
      "inputs": {
        "nixpkgs": [
          "nixpkgs-unstable"
        ]
      },
      "locked": {
        "lastModified": 1718440858,
        "narHash": "sha256-iMVwdob8F6P6Ib+pnhMZqyvYI10ZxmvA885jjnEaO54=",
        "owner": "LnL7",
        "repo": "nix-darwin",
        "rev": "58b905ea87674592aa84c37873e6c07bc3807aba",
        "type": "github"
      },
      "original": {
        "owner": "LnL7",
        "ref": "master",
        "repo": "nix-darwin",
        "type": "github"
      }
    },
    "ez-configs": {
      "inputs": {
        "flake-parts": [
          "parts"
        ],
        "nixpkgs": [
          "nixpkgs"
        ]
      },
      "locked": {
        "lastModified": 1706611666,
        "narHash": "sha256-N+SyoAEqf3QIXMYZ81kuxrOP6b0692M+hbGLHU9wf1I=",
        "owner": "ehllie",
        "repo": "ez-configs",
        "rev": "84c60a73eba0b5405943580d52b1581de5b1ee7c",
        "type": "github"
      },
      "original": {
        "owner": "ehllie",
        "repo": "ez-configs",
        "type": "github"
      }
    },
    "home-manager": {
      "inputs": {
        "nixpkgs": [
          "nixpkgs"
        ]
      },
      "locked": {
        "lastModified": 1718526747,
        "narHash": "sha256-sKrD/utGvmtQALvuDj4j0CT3AJXP1idOAq2p+27TpeE=",
        "owner": "nix-community",
        "repo": "home-manager",
        "rev": "0a7ffb28e5df5844d0e8039c9833d7075cdee792",
        "type": "github"
      },
      "original": {
        "owner": "nix-community",
        "ref": "master",
        "repo": "home-manager",
        "type": "github"
      }
    },
    "nixpkgs-lib": {
      "locked": {
        "lastModified": 1717284937,
        "narHash": "sha256-lIbdfCsf8LMFloheeE6N31+BMIeixqyQWbSr2vk79EQ=",
        "type": "tarball",
        "url": "https://github.com/NixOS/nixpkgs/archive/eb9ceca17df2ea50a250b6b27f7bf6ab0186f198.tar.gz"
      },
      "original": {
        "type": "tarball",
        "url": "https://github.com/NixOS/nixpkgs/archive/eb9ceca17df2ea50a250b6b27f7bf6ab0186f198.tar.gz"
      }
    },
    "nixpkgs-master": {
      "locked": {
        "lastModified": 1718632497,
        "narHash": "sha256-YtlyfqOdYMuu7gumZtK0Kg7jr4OKfHUhJkZfNUryw68=",
        "owner": "NixOS",
        "repo": "nixpkgs",
        "rev": "c58b4a9118498c1055c5908a5bbe666e56abe949",
        "type": "github"
      },
      "original": {
        "owner": "NixOS",
        "ref": "master",
        "repo": "nixpkgs",
        "type": "github"
      }
    },
    "nixpkgs-stable": {
      "locked": {
        "lastModified": 1718626111,
        "narHash": "sha256-ecmQa4VESUOeMQlbynVJaWjG4Tzw/LpQ8lXHKv3QnxQ=",
        "owner": "NixOS",
        "repo": "nixpkgs",
        "rev": "818bf0b7071d25bb7821395e550ee9adccab722c",
        "type": "github"
      },
      "original": {
        "owner": "NixOS",
        "ref": "release-24.05",
        "repo": "nixpkgs",
        "type": "github"
      }
    },
    "nixpkgs-unstable": {
      "locked": {
        "lastModified": 1718428119,
        "narHash": "sha256-WdWDpNaq6u1IPtxtYHHWpl5BmabtpmLnMAx0RdJ/vo8=",
        "owner": "NixOS",
        "repo": "nixpkgs",
        "rev": "e6cea36f83499eb4e9cd184c8a8e823296b50ad5",
        "type": "github"
      },
      "original": {
        "owner": "NixOS",
        "ref": "nixpkgs-unstable",
        "repo": "nixpkgs",
        "type": "github"
      }
    },
    "parts": {
      "inputs": {
        "nixpkgs-lib": "nixpkgs-lib"
      },
      "locked": {
        "lastModified": 1717285511,
        "narHash": "sha256-iKzJcpdXih14qYVcZ9QC9XuZYnPc6T8YImb6dX166kw=",
        "owner": "hercules-ci",
        "repo": "flake-parts",
        "rev": "2a55567fcf15b1b1c7ed712a2c6fadaec7412ea8",
        "type": "github"
      },
      "original": {
        "owner": "hercules-ci",
        "repo": "flake-parts",
        "type": "github"
      }
    },
    "root": {
      "inputs": {
        "darwin": "darwin",
        "ez-configs": "ez-configs",
        "home-manager": "home-manager",
        "nixpkgs": [
          "nixpkgs-unstable"
        ],
        "nixpkgs-master": "nixpkgs-master",
        "nixpkgs-stable": "nixpkgs-stable",
        "nixpkgs-unstable": "nixpkgs-unstable",
        "parts": "parts",
        "sops": "sops"
      }
    },
    "sops": {
      "inputs": {
        "nixpkgs": [
          "nixpkgs"
        ],
        "nixpkgs-stable": [
          "nixpkgs-stable"
        ]
      },
      "locked": {
        "lastModified": 1718506969,
        "narHash": "sha256-Pm9I/BMQHbsucdWf6y9G3xBZh3TMlThGo4KBbeoeczg=",
        "owner": "Mic92",
        "repo": "sops-nix",
        "rev": "797ce4c1f45a85df6dd3d9abdc53f2691bea9251",
        "type": "github"
      },
      "original": {
        "owner": "Mic92",
        "repo": "sops-nix",
        "type": "github"
      }
    }
  },
  "root": "root",
  "version": 7
}
