{
  "nodes": {
    "darwin": {
      "inputs": {
        "nixpkgs": [
          "nixpkgs-unstable"
        ]
      },
      "locked": {
        "lastModified": 1671196037,
        "narHash": "sha256-2+J98SeczFWonbqFLMEAQC7vZEe6I2gM17XYvEmG52I=",
        "owner": "LnL7",
        "repo": "nix-darwin",
        "rev": "adb8ac0453c8b2c40f5bffb578453dbaee838952",
        "type": "github"
      },
      "original": {
        "owner": "LnL7",
        "repo": "nix-darwin",
        "type": "github"
      }
    },
    "home-manager": {
      "inputs": {
        "nixpkgs": [
          "nixpkgs-unstable"
        ],
        "utils": "utils"
      },
      "locked": {
        "lastModified": 1671578428,
        "narHash": "sha256-YmbpBcPaGz9KE2bC4xPvSdgCSMk0BmS/L3ePvy9TR/M=",
        "owner": "nix-community",
        "repo": "home-manager",
        "rev": "0f8bf4f92efa3c6168705b49a6788abb3612033a",
        "type": "github"
      },
      "original": {
        "owner": "nix-community",
        "repo": "home-manager",
        "type": "github"
      }
    },
    "nixpkgs": {
      "locked": {
        "lastModified": 1671458120,
        "narHash": "sha256-2+k/OONN4OF21TeoNjKB5sXVZv6Zvm/uEyQIW9OYCg8=",
        "owner": "NixOS",
        "repo": "nixpkgs",
        "rev": "e37ef84b478fa8da0ced96522adfd956fde9047a",
        "type": "github"
      },
      "original": {
        "id": "nixpkgs",
        "type": "indirect"
      }
    },
    "nixpkgs-master": {
      "locked": {
        "lastModified": 1671668417,
        "narHash": "sha256-1pTdwjMI9rWRXXpGJQjGhv4TwCwix2Ve5fpvQqGYlX8=",
        "owner": "NixOS",
        "repo": "nixpkgs",
        "rev": "250a51232c9c74e7ff5f49b0424a094a101e0c26",
        "type": "github"
      },
      "original": {
        "owner": "NixOS",
        "ref": "master",
        "repo": "nixpkgs",
        "type": "github"
      }
    },
    "nixpkgs-stable": {
      "locked": {
        "lastModified": 1671391912,
        "narHash": "sha256-W8sbJuN/i+OZdRuIzDiIyKOqVB/G26zh9DQL1rfp2xk=",
        "owner": "NixOS",
        "repo": "nixpkgs",
        "rev": "09e8ac77744dd036e58ab2284e6f5c03a6d6ed41",
        "type": "github"
      },
      "original": {
        "owner": "NixOS",
        "ref": "nixpkgs-22.11-darwin",
        "repo": "nixpkgs",
        "type": "github"
      }
    },
    "nixpkgs-unstable": {
      "locked": {
        "lastModified": 1671458120,
        "narHash": "sha256-2+k/OONN4OF21TeoNjKB5sXVZv6Zvm/uEyQIW9OYCg8=",
        "owner": "NixOS",
        "repo": "nixpkgs",
        "rev": "e37ef84b478fa8da0ced96522adfd956fde9047a",
        "type": "github"
      },
      "original": {
        "owner": "NixOS",
        "ref": "nixpkgs-unstable",
        "repo": "nixpkgs",
        "type": "github"
      }
    },
    "root": {
      "inputs": {
        "darwin": "darwin",
        "home-manager": "home-manager",
        "nixpkgs": "nixpkgs",
        "nixpkgs-master": "nixpkgs-master",
        "nixpkgs-stable": "nixpkgs-stable",
        "nixpkgs-unstable": "nixpkgs-unstable"
      }
    },
    "utils": {
      "locked": {
        "lastModified": 1667395993,
        "narHash": "sha256-nuEHfE/LcWyuSWnS8t12N1wc105Qtau+/OdUAjtQ0rA=",
        "owner": "numtide",
        "repo": "flake-utils",
        "rev": "5aed5285a952e0b949eb3ba02c12fa4fcfef535f",
        "type": "github"
      },
      "original": {
        "owner": "numtide",
        "repo": "flake-utils",
        "type": "github"
      }
    }
  },
  "root": "root",
  "version": 7
}
